<?xml version="1.0" encoding="utf-8"?>
<Project ToolsVersion="4.0" xmlns="http://schemas.microsoft.com/developer/msbuild/2003">
  <ItemGroup>
    <FxCompile Include="$(MSBuildThisFileDirectory)ColorPS.hlsl" />
    <FxCompile Include="$(MSBuildThisFileDirectory)DebugGeometryPS.hlsl" />
    <FxCompile Include="$(MSBuildThisFileDirectory)DebugGeometryVS.hlsl" />
    <FxCompile Include="$(MSBuildThisFileDirectory)DebugPS.hlsl" />
    <FxCompile Include="$(MSBuildThisFileDirectory)DebugVS.hlsl" />
    <FxCompile Include="$(MSBuildThisFileDirectory)FadePS.hlsl" />
    <FxCompile Include="$(MSBuildThisFileDirectory)FadeVS.hlsl" />
    <FxCompile Include="$(MSBuildThisFileDirectory)FlatPS.hlsl" />
    <FxCompile Include="$(MSBuildThisFileDirectory)FlatVS.hlsl" />
    <FxCompile Include="$(MSBuildThisFileDirectory)GridPS.hlsl" />
    <FxCompile Include="$(MSBuildThisFileDirectory)GridVS.hlsl" />
    <FxCompile Include="$(MSBuildThisFileDirectory)IrradiancePS.hlsl" />
    <FxCompile Include="$(MSBuildThisFileDirectory)IrradianceVS.hlsl" />
    <FxCompile Include="$(MSBuildThisFileDirectory)PaintCS.hlsl" />
    <FxCompile Include="$(MSBuildThisFileDirectory)ParticleCS.hlsl" />
    <FxCompile Include="$(MSBuildThisFileDirectory)ParticleGS.hlsl" />
    <FxCompile Include="$(MSBuildThisFileDirectory)ParticlePS.hlsl" />
    <FxCompile Include="$(MSBuildThisFileDirectory)ParticleVS.hlsl" />
    <FxCompile Include="$(MSBuildThisFileDirectory)PBR.hlsl" />
    <FxCompile Include="$(MSBuildThisFileDirectory)PhongPS.hlsl" />
    <FxCompile Include="$(MSBuildThisFileDirectory)PhongVS.hlsl" />
    <FxCompile Include="$(MSBuildThisFileDirectory)DeferredPS.hlsl" />
    <FxCompile Include="$(MSBuildThisFileDirectory)MergePS.hlsl" />
    <FxCompile Include="$(MSBuildThisFileDirectory)PreFilterPS.hlsl" />
    <FxCompile Include="$(MSBuildThisFileDirectory)PreFilterVS.hlsl" />
    <FxCompile Include="$(MSBuildThisFileDirectory)RectToCubemapPS.hlsl" />
    <FxCompile Include="$(MSBuildThisFileDirectory)RectToCubemapVS.hlsl" />
    <FxCompile Include="$(MSBuildThisFileDirectory)SpotLightPS.hlsl" />
    <FxCompile Include="$(MSBuildThisFileDirectory)LightDirPS.hlsl" />
    <FxCompile Include="$(MSBuildThisFileDirectory)LightPointPS.hlsl" />
    <FxCompile Include="$(MSBuildThisFileDirectory)PostProcessPS.hlsl" />
    <FxCompile Include="$(MSBuildThisFileDirectory)PostProcessVS.hlsl" />
    <FxCompile Include="$(MSBuildThisFileDirectory)SpritePS.hlsl" />
    <FxCompile Include="$(MSBuildThisFileDirectory)SpriteVS.hlsl" />
    <FxCompile Include="$(MSBuildThisFileDirectory)UIPS.hlsl" />
    <FxCompile Include="$(MSBuildThisFileDirectory)UISpritePS.hlsl" />
    <FxCompile Include="$(MSBuildThisFileDirectory)UISpriteVS.hlsl" />
    <FxCompile Include="$(MSBuildThisFileDirectory)UIVS.hlsl" />
    <FxCompile Include="$(MSBuildThisFileDirectory)DeferredVS.hlsl" />
    <FxCompile Include="$(MSBuildThisFileDirectory)MergeVS.hlsl" />
    <FxCompile Include="$(MSBuildThisFileDirectory)SpotLightVS.hlsl" />
    <FxCompile Include="$(MSBuildThisFileDirectory)LightDirVS.hlsl" />
    <FxCompile Include="$(MSBuildThisFileDirectory)LightPointVS.hlsl" />
  </ItemGroup>
  <ItemGroup>
    <None Include="$(MSBuildThisFileDirectory)Blur.hlsli" />
    <None Include="$(MSBuildThisFileDirectory)BRDF.hlsli" />
    <None Include="$(MSBuildThisFileDirectory)ConstantBuffer.hlsli" />
    <None Include="$(MSBuildThisFileDirectory)CSHeader.hlsli" />
    <None Include="$(MSBuildThisFileDirectory)global.hlsli" />
    <None Include="$(MSBuildThisFileDirectory)Light.hlsli" />
    <None Include="$(MSBuildThisFileDirectory)Particle.hlsli" />
    <None Include="$(MSBuildThisFileDirectory)PostProcess.hlsli" />
    <None Include="$(MSBuildThisFileDirectory)Random.hlsli" />
    <None Include="$(MSBuildThisFileDirectory)Sampler.hlsli" />
    <None Include="$(MSBuildThisFileDirectory)SkySphereVS.hlsl" />
    <None Include="$(MSBuildThisFileDirectory)SkySpherePS.hlsl" />
    <None Include="$(MSBuildThisFileDirectory)Texture.hlsli" />
  </ItemGroup>
</Project>