<?xml version="1.0" encoding="utf-8"?>
<Project ToolsVersion="4.0" xmlns="http://schemas.microsoft.com/developer/msbuild/2003">
  <ItemGroup>
    <Filter Include="리소스 파일">
      <UniqueIdentifier>{67DA6AB6-F800-4c08-8B7A-83BB121AAD01}</UniqueIdentifier>
      <Extensions>rc;ico;cur;bmp;dlg;rc2;rct;bin;rgs;gif;jpg;jpeg;jpe;resx;tiff;tif;png;wav;mfcribbon-ms</Extensions>
    </Filter>
    <Filter Include="Common">
      <UniqueIdentifier>{f7540748-bd09-4207-a85d-e2da24221101}</UniqueIdentifier>
    </Filter>
    <Filter Include="Common\Entity">
      <UniqueIdentifier>{03d96900-e23f-4f2c-a49a-e1389a5088cf}</UniqueIdentifier>
    </Filter>
    <Filter Include="Common\Math">
      <UniqueIdentifier>{1175759b-0440-4985-8085-7f81a1b2eda2}</UniqueIdentifier>
    </Filter>
    <Filter Include="High Level Interface">
      <UniqueIdentifier>{b1b985eb-61e5-4394-a429-8ccf1bf8c059}</UniqueIdentifier>
    </Filter>
    <Filter Include="Input">
      <UniqueIdentifier>{95003e6d-9249-4f05-b988-dc7732abf79e}</UniqueIdentifier>
    </Filter>
    <Filter Include="Graphics">
      <UniqueIdentifier>{735f3f9f-373a-4508-ad09-1bf9d633e4f9}</UniqueIdentifier>
    </Filter>
    <Filter Include="Resource">
      <UniqueIdentifier>{ee2222b8-6e7f-46a5-bfa8-37d8e9adec40}</UniqueIdentifier>
    </Filter>
    <Filter Include="Time">
      <UniqueIdentifier>{e511b595-67e6-4863-b5df-87e0da6184d9}</UniqueIdentifier>
    </Filter>
    <Filter Include="Graphics\Renderer">
      <UniqueIdentifier>{3e66ee10-c4f4-4349-8a9a-9b592176b121}</UniqueIdentifier>
    </Filter>
    <Filter Include="Resource\Mesh">
      <UniqueIdentifier>{95a2fee9-d057-402b-acd1-f65f5ba2eb8a}</UniqueIdentifier>
    </Filter>
    <Filter Include="Resource\Shader">
      <UniqueIdentifier>{ee87d9d2-0f0b-4256-aedf-8c620ec6a880}</UniqueIdentifier>
    </Filter>
    <Filter Include="Resource\Manager">
      <UniqueIdentifier>{f5f2cb9f-e7c9-494a-8dc9-9717435bb70f}</UniqueIdentifier>
    </Filter>
    <Filter Include="Resource\Material">
      <UniqueIdentifier>{f5dbc21b-39bf-46fe-8fd6-6a267aa2a30d}</UniqueIdentifier>
    </Filter>
    <Filter Include="Resource\Texture">
      <UniqueIdentifier>{8c3b4b7c-b5ea-4ee7-8c93-ba8592693b57}</UniqueIdentifier>
    </Filter>
    <Filter Include="Common\Component">
      <UniqueIdentifier>{62eecbab-450d-4710-9651-1fce21aeebd4}</UniqueIdentifier>
    </Filter>
    <Filter Include="Common\Component\TransForm">
      <UniqueIdentifier>{4c9ad2ce-12b6-4cc6-9c11-5c908eabbe8b}</UniqueIdentifier>
    </Filter>
    <Filter Include="Common\Component\Script">
      <UniqueIdentifier>{5159e036-2e59-4ee5-8350-3ceee37140b8}</UniqueIdentifier>
    </Filter>
    <Filter Include="Common\Component\Camera">
      <UniqueIdentifier>{eda891fd-0c41-4e10-8f39-73c0a24c3f84}</UniqueIdentifier>
    </Filter>
    <Filter Include="Common\Component\Camera\Script">
      <UniqueIdentifier>{097773b2-133e-409e-a687-127f52ad60f5}</UniqueIdentifier>
    </Filter>
    <Filter Include="Common\Component\Renderer">
      <UniqueIdentifier>{efaa299c-5103-47ef-a951-a1d79c071d26}</UniqueIdentifier>
    </Filter>
    <Filter Include="Common\Component\Renderer\Mesh">
      <UniqueIdentifier>{bb99c478-e3ba-4303-9eed-168d722681c3}</UniqueIdentifier>
    </Filter>
    <Filter Include="Common\Component\Renderer\Sprite">
      <UniqueIdentifier>{ce9056db-6a9e-406d-9b7d-cee1aeef4e21}</UniqueIdentifier>
    </Filter>
    <Filter Include="Common\Component\Script\Grid">
      <UniqueIdentifier>{07391d1a-6255-4748-b831-1c8a300fc277}</UniqueIdentifier>
    </Filter>
    <Filter Include="Common\Component\Collider">
      <UniqueIdentifier>{01ea66c5-b9ca-49ae-a581-fd103eafd344}</UniqueIdentifier>
    </Filter>
    <Filter Include="Resource\Prefab">
      <UniqueIdentifier>{ae7f96e1-5ffe-48c6-bc75-6c61366ed4a1}</UniqueIdentifier>
    </Filter>
    <Filter Include="Common\Component\Collider\Manager">
      <UniqueIdentifier>{240ebe64-11bf-443f-bbba-043d04eb07ec}</UniqueIdentifier>
    </Filter>
    <Filter Include="Common\Component\Collider\2D">
      <UniqueIdentifier>{4e0c1412-183c-48bf-94e4-ef48efc0d19e}</UniqueIdentifier>
    </Filter>
    <Filter Include="Common\Component\Collider\3D">
      <UniqueIdentifier>{55f5b957-e6f1-49dc-a59c-a66be9489b0b}</UniqueIdentifier>
    </Filter>
    <Filter Include="Common\Component\Animator">
      <UniqueIdentifier>{a4ee9fdf-ba9d-45cb-b92d-4df3bb641c38}</UniqueIdentifier>
    </Filter>
    <Filter Include="Common\Component\RigidBody">
      <UniqueIdentifier>{556f588a-123a-4f20-b06d-6c511ff57a84}</UniqueIdentifier>
    </Filter>
    <Filter Include="Common\Component\Light">
      <UniqueIdentifier>{6aabe6fc-84a7-4c1f-bbf3-0899e90f7263}</UniqueIdentifier>
    </Filter>
    <Filter Include="Resource\Shader\ComputeShader">
      <UniqueIdentifier>{49cb38c7-a184-4e3a-883b-714c24dcbbf1}</UniqueIdentifier>
    </Filter>
    <Filter Include="Common\Component\Renderer\ParticleSystem">
      <UniqueIdentifier>{5dc4739f-364e-43ca-86ec-b939e659c796}</UniqueIdentifier>
    </Filter>
    <Filter Include="Common\Component\Renderer\PostProcess">
      <UniqueIdentifier>{9216606f-172d-437d-9883-e73f2ff4f1f0}</UniqueIdentifier>
    </Filter>
    <Filter Include="Common\GameObj">
      <UniqueIdentifier>{ccd15fdd-31ba-4ced-8ea7-a2e5acfb3e55}</UniqueIdentifier>
    </Filter>
    <Filter Include="Common\GameObj\Player">
      <UniqueIdentifier>{58ec3c23-b57e-47a8-a2b2-2ae5eca9e2a3}</UniqueIdentifier>
    </Filter>
    <Filter Include="Common\GameObj\Cursor">
      <UniqueIdentifier>{396a8426-32c6-4cfc-b631-138593724573}</UniqueIdentifier>
    </Filter>
    <Filter Include="Common\GameObj\PostProcess">
      <UniqueIdentifier>{1a063524-ba24-4df3-9686-60e8e18b272e}</UniqueIdentifier>
    </Filter>
    <Filter Include="Common\Scene">
      <UniqueIdentifier>{ada16d80-48ba-4677-8e21-4c7d78667cb9}</UniqueIdentifier>
    </Filter>
    <Filter Include="Common\Scene\Manager">
      <UniqueIdentifier>{31e1b7df-1306-4a17-be07-62b78da0476f}</UniqueIdentifier>
    </Filter>
    <Filter Include="Common\Scene\Layer">
      <UniqueIdentifier>{933fe2a5-3876-4974-bb9b-06c06e708c32}</UniqueIdentifier>
    </Filter>
    <Filter Include="Common\Scene\Base">
      <UniqueIdentifier>{d1a04847-462f-488b-844e-954ccfe845a2}</UniqueIdentifier>
    </Filter>
    <Filter Include="Common\Sound">
      <UniqueIdentifier>{6f8b85f9-636e-4508-9fab-fa151ce8d8f1}</UniqueIdentifier>
    </Filter>
    <Filter Include="Common\StringFunctions">
      <UniqueIdentifier>{e1788ee6-93ce-4c47-b4fe-2255eaabd9b3}</UniqueIdentifier>
    </Filter>
    <Filter Include="Common\Font">
      <UniqueIdentifier>{00f7409f-6c39-4951-b9ab-a5158a532e47}</UniqueIdentifier>
    </Filter>
    <Filter Include="PhysX">
      <UniqueIdentifier>{79216596-84bd-4162-9178-37eed40f0926}</UniqueIdentifier>
    </Filter>
    <Filter Include="PhysX\Manager">
      <UniqueIdentifier>{1d9727da-458d-4c71-9094-868de38323b5}</UniqueIdentifier>
    </Filter>
    <Filter Include="Common\Component\Physical">
      <UniqueIdentifier>{447191a7-6235-4f9a-845e-321c7946b8d4}</UniqueIdentifier>
    </Filter>
    <Filter Include="Resource\Physics">
      <UniqueIdentifier>{c8d076f8-c697-4213-b101-b4cfd19830ad}</UniqueIdentifier>
    </Filter>
    <Filter Include="Common\Component\RigidBody\PhysX">
      <UniqueIdentifier>{39bc9a29-686d-42ce-a072-eac726290252}</UniqueIdentifier>
    </Filter>
    <Filter Include="Common\Component\Collider\PhysX">
      <UniqueIdentifier>{7a7234c4-dd75-45c7-80d1-7d1902ecdf8c}</UniqueIdentifier>
    </Filter>
    <Filter Include="Common\Component\Movement">
      <UniqueIdentifier>{92b997d7-fbfb-4ec2-802e-5c583ea87d78}</UniqueIdentifier>
    </Filter>
    <Filter Include="Common\Component\Collider\Manager\PhysX">
      <UniqueIdentifier>{1a31cd64-03cf-47e2-81dc-e514c35f2e46}</UniqueIdentifier>
    </Filter>
    <Filter Include="Timer">
      <UniqueIdentifier>{e7cc1677-ecf4-4ddb-af23-34f289515d37}</UniqueIdentifier>
    </Filter>
    <Filter Include="Common\GameObj\PhysicalGameObj">
      <UniqueIdentifier>{55efa532-1171-44c2-8830-5143bdc9feef}</UniqueIdentifier>
    </Filter>
    <Filter Include="Common\GameObj\PhysicalGameObj\Sphere">
      <UniqueIdentifier>{ca2e3122-20b3-4dd7-a35c-e8c437dcfd15}</UniqueIdentifier>
    </Filter>
    <Filter Include="Common\GameObj\PhysicalGameObj\Box">
      <UniqueIdentifier>{13fc7fe0-a1db-4724-b9dd-0b678144e6a9}</UniqueIdentifier>
    </Filter>
    <Filter Include="File">
      <UniqueIdentifier>{58f1ef80-8140-40fe-b0fc-83147f93d803}</UniqueIdentifier>
    </Filter>
    <Filter Include="Server">
      <UniqueIdentifier>{07e281df-c17a-455a-89fd-a312c6ef50cf}</UniqueIdentifier>
    </Filter>
    <Filter Include="Server\Manager">
      <UniqueIdentifier>{f1456a72-8eb2-4d1a-8320-6fc82e3b10c1}</UniqueIdentifier>
    </Filter>
    <Filter Include="Server\Client">
      <UniqueIdentifier>{d1702f16-9c96-4328-8d62-9829e11e123d}</UniqueIdentifier>
    </Filter>
    <Filter Include="Server\Server">
      <UniqueIdentifier>{72ee7bb0-95d8-48d0-80c7-d58070151c42}</UniqueIdentifier>
    </Filter>
    <Filter Include="Server\SubHeaders">
      <UniqueIdentifier>{fbdec033-2b4e-4b1d-ad7a-e848ddf7a449}</UniqueIdentifier>
    </Filter>
    <Filter Include="Common\Component\Script\Server">
      <UniqueIdentifier>{ed03df75-dd17-44d3-9c47-fbeb3c8e88af}</UniqueIdentifier>
    </Filter>
    <Filter Include="Resource\Model">
      <UniqueIdentifier>{21538abc-aad6-47fc-b8ee-dd60b081efb5}</UniqueIdentifier>
    </Filter>
    <Filter Include="Resource\Model\ModelNode">
      <UniqueIdentifier>{78218941-677c-4c23-86ee-d3d2ed9e2917}</UniqueIdentifier>
    </Filter>
    <Filter Include="Resource\Model\Bone">
      <UniqueIdentifier>{a98c76c5-55d5-4d1f-ac36-5bf457b0b8c2}</UniqueIdentifier>
    </Filter>
    <Filter Include="Common\Component\Animator3D">
      <UniqueIdentifier>{fabcf555-eba3-403d-88ef-e82bc3bc8461}</UniqueIdentifier>
    </Filter>
    <Filter Include="Common\Component\Renderer\Skybox">
      <UniqueIdentifier>{b410bcf3-ae25-480a-b5b4-bd17195ed68c}</UniqueIdentifier>
    </Filter>
    <Filter Include="Common\GameObj\DynamicObject">
      <UniqueIdentifier>{7302d270-8003-44a2-b03c-38a5d9176d52}</UniqueIdentifier>
    </Filter>
    <Filter Include="Common\GameObj\DynamicObject\Monster">
      <UniqueIdentifier>{e53018b3-7576-42e8-bf07-d84fba6bdd48}</UniqueIdentifier>
    </Filter>
    <Filter Include="Common\GameObj\DynamicObject\Monster\Goomba">
      <UniqueIdentifier>{8fb39da3-0017-4e5f-9015-42ebc26287d4}</UniqueIdentifier>
    </Filter>
    <Filter Include="Common\GameObj\DynamicObject\Monster\Packun">
      <UniqueIdentifier>{2ff74918-b836-4ed1-b349-a8de4ecb8dbd}</UniqueIdentifier>
    </Filter>
    <Filter Include="Common\Component\Camera\Script\MonsterAI">
      <UniqueIdentifier>{eb26debb-61ef-4731-b5ce-6bc0087a1e4e}</UniqueIdentifier>
    </Filter>
    <Filter Include="Common\Component\Camera\Script\MonsterState">
      <UniqueIdentifier>{7fc415aa-289a-421e-a63b-360aca481669}</UniqueIdentifier>
    </Filter>
    <Filter Include="Common\GameObj\Capture">
      <UniqueIdentifier>{790b30db-905b-439a-b52c-e830791d7c44}</UniqueIdentifier>
    </Filter>
    <Filter Include="RayCast">
      <UniqueIdentifier>{873dbe93-ba2a-42a4-8bb8-de37d53d3cbe}</UniqueIdentifier>
    </Filter>
    <Filter Include="Common\GameObj\UI">
      <UniqueIdentifier>{69d4d9a1-8fc1-4146-b0bf-08483f34218b}</UniqueIdentifier>
    <Filter Include="Common\Component\CharacterController">
      <UniqueIdentifier>{24dba119-05ba-4622-8b1b-98b06d1b79af}</UniqueIdentifier>
    </Filter>
  </ItemGroup>
  <ItemGroup>
    <ClInclude Include="CommonInclude.h">
      <Filter>Common</Filter>
    </ClInclude>
    <ClInclude Include="Application.h">
      <Filter>High Level Interface</Filter>
    </ClInclude>
    <ClInclude Include="druMath.h">
      <Filter>Common\Math</Filter>
    </ClInclude>
    <ClInclude Include="GraphicDevice.h">
      <Filter>Graphics</Filter>
    </ClInclude>
    <ClInclude Include="Graphics.h">
      <Filter>Graphics</Filter>
    </ClInclude>
    <ClInclude Include="EngineResource.h">
      <Filter>Resource</Filter>
    </ClInclude>
    <ClInclude Include="Entity.h">
      <Filter>Common\Entity</Filter>
    </ClInclude>
    <ClInclude Include="TimeMgr.h">
      <Filter>Time</Filter>
    </ClInclude>
    <ClInclude Include="Renderer.h">
      <Filter>Graphics\Renderer</Filter>
    </ClInclude>
    <ClInclude Include="druEnums.h">
      <Filter>Common</Filter>
    </ClInclude>
    <ClInclude Include="Engine.h">
      <Filter>Common</Filter>
    </ClInclude>
    <ClInclude Include="GameObj.h">
      <Filter>Common\GameObj</Filter>
    </ClInclude>
    <ClInclude Include="ResourceMgr.h">
      <Filter>Resource\Manager</Filter>
    </ClInclude>
    <ClInclude Include="Mesh.h">
      <Filter>Resource\Mesh</Filter>
    </ClInclude>
    <ClInclude Include="Shader.h">
      <Filter>Resource\Shader</Filter>
    </ClInclude>
    <ClInclude Include="Component.h">
      <Filter>Common\Component</Filter>
    </ClInclude>
    <ClInclude Include="SceneTitle.h">
      <Filter>Common\Scene</Filter>
    </ClInclude>
    <ClInclude Include="Material.h">
      <Filter>Resource\Material</Filter>
    </ClInclude>
    <ClInclude Include="Transform.h">
      <Filter>Common\Component\TransForm</Filter>
    </ClInclude>
    <ClInclude Include="ConstantBuffer.h">
      <Filter>Graphics</Filter>
    </ClInclude>
    <ClInclude Include="Texture.h">
      <Filter>Resource\Texture</Filter>
    </ClInclude>
    <ClInclude Include="Script.h">
      <Filter>Common\Component\Script</Filter>
    </ClInclude>
    <ClInclude Include="Camera.h">
      <Filter>Common\Component\Camera</Filter>
    </ClInclude>
    <ClInclude Include="CameraScript.h">
      <Filter>Common\Component\Camera\Script</Filter>
    </ClInclude>
    <ClInclude Include="BaseRenderer.h">
      <Filter>Common\Component\Renderer</Filter>
    </ClInclude>
    <ClInclude Include="MeshRenderer.h">
      <Filter>Common\Component\Renderer\Mesh</Filter>
    </ClInclude>
    <ClInclude Include="SpriteRenderer.h">
      <Filter>Common\Component\Renderer\Sprite</Filter>
    </ClInclude>
    <ClInclude Include="GridScript.h">
      <Filter>Common\Component\Script\Grid</Filter>
    </ClInclude>
    <ClInclude Include="Object.h">
      <Filter>Common\GameObj</Filter>
    </ClInclude>
    <ClInclude Include="Layer.h">
      <Filter>Common\Scene\Layer</Filter>
    </ClInclude>
    <ClInclude Include="SceneMgr.h">
      <Filter>Common\Scene\Manager</Filter>
    </ClInclude>
    <ClInclude Include="Scene.h">
      <Filter>Common\Scene\Base</Filter>
    </ClInclude>
    <ClInclude Include="CollisionMgr.h">
      <Filter>Common\Component\Collider\Manager</Filter>
    </ClInclude>
    <ClInclude Include="Prefab.h">
      <Filter>Resource\Prefab</Filter>
    </ClInclude>
    <ClInclude Include="Collider2D.h">
      <Filter>Common\Component\Collider\2D</Filter>
    </ClInclude>
    <ClInclude Include="Collider3D.h">
      <Filter>Common\Component\Collider\3D</Filter>
    </ClInclude>
    <ClInclude Include="CursorScript.h">
      <Filter>Common\GameObj\Cursor</Filter>
    </ClInclude>
    <ClInclude Include="Player.h">
      <Filter>Common\GameObj\Player</Filter>
    </ClInclude>
    <ClInclude Include="Animator.h">
      <Filter>Common\Component\Animator</Filter>
    </ClInclude>
    <ClInclude Include="Animation.h">
      <Filter>Common\Component\Animator</Filter>
    </ClInclude>
    <ClInclude Include="RigidBody.h">
      <Filter>Common\Component\RigidBody</Filter>
    </ClInclude>
    <ClInclude Include="Light.h">
      <Filter>Common\Component\Light</Filter>
    </ClInclude>
    <ClInclude Include="StructedBuffer.h" />
    <ClInclude Include="ComputeShader.h">
      <Filter>Resource\Shader\ComputeShader</Filter>
    </ClInclude>
    <ClInclude Include="ParticleSystem.h">
      <Filter>Common\Component\Renderer\ParticleSystem</Filter>
    </ClInclude>
    <ClInclude Include="ParticleShader.h">
      <Filter>Resource\Shader\ComputeShader</Filter>
    </ClInclude>
    <ClInclude Include="SimpleMath.h">
      <Filter>Common\Math</Filter>
    </ClInclude>
    <ClInclude Include="PostProcess.h">
      <Filter>Common\GameObj\PostProcess</Filter>
    </ClInclude>
    <ClInclude Include="PostProcessRenderer.h">
      <Filter>Common\Component\Renderer\PostProcess</Filter>
    </ClInclude>
    <ClInclude Include="PostProcessWave.h">
      <Filter>Common\GameObj\PostProcess</Filter>
    </ClInclude>
    <ClInclude Include="FMod.h" />
    <ClInclude Include="AudioClip.h">
      <Filter>Common\Sound</Filter>
    </ClInclude>
    <ClInclude Include="AudioListener.h">
      <Filter>Common\Sound</Filter>
    </ClInclude>
    <ClInclude Include="AudioSource.h">
      <Filter>Common\Sound</Filter>
    </ClInclude>
    <ClInclude Include="StringFunctions.h">
      <Filter>Common\StringFunctions</Filter>
    </ClInclude>
    <ClInclude Include="FontWrapper.h">
      <Filter>Common\Font</Filter>
    </ClInclude>
    <ClInclude Include="PlayerScript.h">
      <Filter>Common\GameObj\Player</Filter>
    </ClInclude>
    <ClInclude Include="Macro.h" />
    <ClInclude Include="def.h">
      <Filter>Common</Filter>
    </ClInclude>
    <ClInclude Include="InputMgr.h">
      <Filter>Input</Filter>
    </ClInclude>
    <ClInclude Include="PhysicalMovement.h">
      <Filter>Common\Component\Movement</Filter>
    </ClInclude>
    <ClInclude Include="PhysXCollider.h">
      <Filter>Common\Component\Collider\PhysX</Filter>
    </ClInclude>
    <ClInclude Include="PhysXRigidBody.h">
      <Filter>Common\Component\RigidBody\PhysX</Filter>
    </ClInclude>
    <ClInclude Include="PhysX.h">
      <Filter>PhysX</Filter>
    </ClInclude>
    <ClInclude Include="PxInitialization.h">
      <Filter>PhysX</Filter>
    </ClInclude>
    <ClInclude Include="PhysicalProperties.h">
      <Filter>PhysX</Filter>
    </ClInclude>
    <ClInclude Include="PhysicsScene.h">
      <Filter>PhysX</Filter>
    </ClInclude>
    <ClInclude Include="PxDispathcer.h">
      <Filter>PhysX</Filter>
    </ClInclude>
    <ClInclude Include="PxEventCallback.h">
      <Filter>PhysX</Filter>
    </ClInclude>
    <ClInclude Include="PxFilter.h">
      <Filter>PhysX</Filter>
    </ClInclude>
    <ClInclude Include="PhysicsMgr.h">
      <Filter>PhysX\Manager</Filter>
    </ClInclude>
    <ClInclude Include="Physical.h">
      <Filter>Common\Component\Physical</Filter>
    </ClInclude>
    <ClInclude Include="PhysXCollisionMgr.h">
      <Filter>Common\Component\Collider\Manager\PhysX</Filter>
    </ClInclude>
    <ClInclude Include="TimerMgr.h">
      <Filter>Timer</Filter>
    </ClInclude>
    <ClInclude Include="PhysicalGameObj.h">
      <Filter>Common\GameObj\PhysicalGameObj</Filter>
    </ClInclude>
    <ClInclude Include="Sphere.h">
      <Filter>Common\GameObj\PhysicalGameObj\Sphere</Filter>
    </ClInclude>
    <ClInclude Include="Box.h">
      <Filter>Common\GameObj\PhysicalGameObj\Box</Filter>
    </ClInclude>
    <ClInclude Include="FileMgr.h">
      <Filter>File</Filter>
    </ClInclude>
    <ClInclude Include="ServerHeader.h">
      <Filter>Server</Filter>
    </ClInclude>
    <ClInclude Include="ServerMgr.h">
      <Filter>Server\Manager</Filter>
    </ClInclude>
    <ClInclude Include="GlobalPacket.h">
      <Filter>Server\SubHeaders</Filter>
    </ClInclude>
    <ClInclude Include="ServerToClient.h">
      <Filter>Server\SubHeaders</Filter>
    </ClInclude>
    <ClInclude Include="GameNet.h">
      <Filter>Server</Filter>
    </ClInclude>
    <ClInclude Include="GameNetServer.h">
      <Filter>Server\Server</Filter>
    </ClInclude>
    <ClInclude Include="GameNetClient.h">
      <Filter>Server\Client</Filter>
    </ClInclude>
    <ClInclude Include="GameNetDispatcher.h">
      <Filter>Server</Filter>
    </ClInclude>
    <ClInclude Include="GameNetPacket.h">
      <Filter>Server</Filter>
    </ClInclude>
    <ClInclude Include="GameNetSerializer.h">
      <Filter>Server</Filter>
    </ClInclude>
    <ClInclude Include="GameNetThread.h">
      <Filter>Server</Filter>
    </ClInclude>
    <ClInclude Include="GameNetObject.h">
      <Filter>Server</Filter>
    </ClInclude>
    <ClInclude Include="ClientToServer.h">
      <Filter>Server\SubHeaders</Filter>
    </ClInclude>
    <ClInclude Include="PacketSendScript.h">
      <Filter>Common\Component\Script\Server</Filter>
    </ClInclude>
    <ClInclude Include="ApplyPacketScript.h">
      <Filter>Common\Component\Script\Server</Filter>
    </ClInclude>
    <ClInclude Include="MultiRenderTarget.h">
      <Filter>Graphics</Filter>
    </ClInclude>
    <ClInclude Include="Model.h">
      <Filter>Resource\Model</Filter>
    </ClInclude>
    <ClInclude Include="Bone.h">
      <Filter>Resource\Model\Bone</Filter>
    </ClInclude>
    <ClInclude Include="ModelNode.h">
      <Filter>Resource\Model\ModelNode</Filter>
    </ClInclude>
    <ClInclude Include="BoneAnimator.h">
      <Filter>Common\Component\Animator3D</Filter>
    </ClInclude>
    <ClInclude Include="Struct.h">
      <Filter>Common</Filter>
    </ClInclude>
    <ClInclude Include="SkySphereRenderer.h">
      <Filter>Common\Component\Renderer\Skybox</Filter>
    </ClInclude>
    <ClInclude Include="SkySphere.h">
      <Filter>Common\Component\Renderer\Skybox</Filter>
    </ClInclude>
    <ClInclude Include="CubeMap.h">
      <Filter>Common\Component\Renderer\Skybox</Filter>
    </ClInclude>
    <ClInclude Include="ScenePlay.h">
      <Filter>Common\Scene</Filter>
    </ClInclude>
    <ClInclude Include="MarioHead.h" />
    <ClInclude Include="MarioParts.h" />
    <ClInclude Include="DynamicObject.h">
      <Filter>Common\GameObj\DynamicObject</Filter>
    </ClInclude>
    <ClInclude Include="Monster.h">
      <Filter>Common\GameObj\DynamicObject\Monster</Filter>
    </ClInclude>
    <ClInclude Include="Goomba.h">
      <Filter>Common\GameObj\DynamicObject\Monster\Goomba</Filter>
    </ClInclude>
    <ClInclude Include="PackunStateScript.h">
      <Filter>Common\GameObj\DynamicObject\Monster\Packun</Filter>
    </ClInclude>
    <ClInclude Include="Packun.h">
      <Filter>Common\GameObj\DynamicObject\Monster\Packun</Filter>
    </ClInclude>
    <ClInclude Include="GoombaStateScript.h">
      <Filter>Common\GameObj\DynamicObject\Monster\Goomba</Filter>
    </ClInclude>
    <ClInclude Include="MonsterStateScript.h">
      <Filter>Common\Component\Camera\Script\MonsterState</Filter>
    </ClInclude>
    <ClInclude Include="MonsterAiScript.h">
      <Filter>Common\Component\Camera\Script\MonsterAI</Filter>
    </ClInclude>
    <ClInclude Include="AiScript.h">
      <Filter>Common\Component\Camera\Script</Filter>
    </ClInclude>
    <ClInclude Include="CaptureObj.h">
      <Filter>Common\GameObj\Capture</Filter>
    </ClInclude>
    <ClInclude Include="PhysXRayCast.h">
      <Filter>RayCast</Filter>
    </ClInclude>
    <ClInclude Include="PackunPostionBall.h" />
    <ClInclude Include="ProjectileObj.h" />
    <ClInclude Include="AnimationClip.h">
      <Filter>Common\Component\Animator3D</Filter>
    </ClInclude>
    <ClInclude Include="UIManager.h">
      <Filter>Common\GameObj\UI</Filter>
    </ClInclude>
    <ClInclude Include="UIFactory.h">
      <Filter>Common\GameObj\UI</Filter>
    </ClInclude>
    <ClInclude Include="UIBase.h">
      <Filter>Common\GameObj\UI</Filter>
    </ClInclude>
    <ClInclude Include="Panal.h">
      <Filter>Common\GameObj\UI</Filter>
    </ClInclude>
    <ClInclude Include="ImageUI.h">
      <Filter>Common\GameObj\UI</Filter>
    </ClInclude>
    <ClInclude Include="HUD.h">
      <Filter>Common\GameObj\UI</Filter>
    </ClInclude>
    <ClInclude Include="CapUI.h">
      <Filter>Common\GameObj\UI</Filter>
    </ClInclude>
    <ClInclude Include="CapEyeUI.h">
      <Filter>Common\GameObj\UI</Filter>
    </ClInclude>
    <ClInclude Include="Button.h">
      <Filter>Common\GameObj\UI</Filter>
    <ClInclude Include="ChracterController.h">
      <Filter>Common\Component\CharacterController</Filter>
    </ClInclude>
  </ItemGroup>
  <ItemGroup>
    <ClCompile Include="Application.cpp">
      <Filter>High Level Interface</Filter>
    </ClCompile>
    <ClCompile Include="druMath.cpp">
      <Filter>Common\Math</Filter>
    </ClCompile>
    <ClCompile Include="GraphicDevice.cpp">
      <Filter>Graphics</Filter>
    </ClCompile>
    <ClCompile Include="EngineResource.cpp">
      <Filter>Resource</Filter>
    </ClCompile>
    <ClCompile Include="Entity.cpp">
      <Filter>Common\Entity</Filter>
    </ClCompile>
    <ClCompile Include="TimeMgr.cpp">
      <Filter>Time</Filter>
    </ClCompile>
    <ClCompile Include="Renderer.cpp">
      <Filter>Graphics\Renderer</Filter>
    </ClCompile>
    <ClCompile Include="GameObj.cpp">
      <Filter>Common\GameObj</Filter>
    </ClCompile>
    <ClCompile Include="ResourceMgr.cpp">
      <Filter>Resource\Manager</Filter>
    </ClCompile>
    <ClCompile Include="Mesh.cpp">
      <Filter>Resource\Mesh</Filter>
    </ClCompile>
    <ClCompile Include="Shader.cpp">
      <Filter>Resource\Shader</Filter>
    </ClCompile>
    <ClCompile Include="Component.cpp">
      <Filter>Common\Component</Filter>
    </ClCompile>
    <ClCompile Include="SceneTitle.cpp">
      <Filter>Common\Scene</Filter>
    </ClCompile>
    <ClCompile Include="Material.cpp">
      <Filter>Resource\Material</Filter>
    </ClCompile>
    <ClCompile Include="Transform.cpp">
      <Filter>Common\Component\TransForm</Filter>
    </ClCompile>
    <ClCompile Include="ConstantBuffer.cpp">
      <Filter>Graphics</Filter>
    </ClCompile>
    <ClCompile Include="Texture.cpp">
      <Filter>Resource\Texture</Filter>
    </ClCompile>
    <ClCompile Include="Script.cpp">
      <Filter>Common\Component\Script</Filter>
    </ClCompile>
    <ClCompile Include="Camera.cpp">
      <Filter>Common\Component\Camera</Filter>
    </ClCompile>
    <ClCompile Include="CameraScript.cpp">
      <Filter>Common\Component\Camera\Script</Filter>
    </ClCompile>
    <ClCompile Include="BaseRenderer.cpp">
      <Filter>Common\Component\Renderer</Filter>
    </ClCompile>
    <ClCompile Include="MeshRenderer.cpp">
      <Filter>Common\Component\Renderer\Mesh</Filter>
    </ClCompile>
    <ClCompile Include="SpriteRenderer.cpp">
      <Filter>Common\Component\Renderer\Sprite</Filter>
    </ClCompile>
    <ClCompile Include="GridScript.cpp">
      <Filter>Common\Component\Script\Grid</Filter>
    </ClCompile>
    <ClCompile Include="Layer.cpp">
      <Filter>Common\Scene\Layer</Filter>
    </ClCompile>
    <ClCompile Include="SceneMgr.cpp">
      <Filter>Common\Scene\Manager</Filter>
    </ClCompile>
    <ClCompile Include="Scene.cpp">
      <Filter>Common\Scene\Base</Filter>
    </ClCompile>
    <ClCompile Include="CollisionMgr.cpp">
      <Filter>Common\Component\Collider\Manager</Filter>
    </ClCompile>
    <ClCompile Include="Prefab.cpp">
      <Filter>Resource\Prefab</Filter>
    </ClCompile>
    <ClCompile Include="Collider2D.cpp">
      <Filter>Common\Component\Collider\2D</Filter>
    </ClCompile>
    <ClCompile Include="Collider3D.cpp">
      <Filter>Common\Component\Collider\3D</Filter>
    </ClCompile>
    <ClCompile Include="CursorScript.cpp">
      <Filter>Common\GameObj\Cursor</Filter>
    </ClCompile>
    <ClCompile Include="Player.cpp">
      <Filter>Common\GameObj\Player</Filter>
    </ClCompile>
    <ClCompile Include="Animation.cpp">
      <Filter>Common\Component\Animator</Filter>
    </ClCompile>
    <ClCompile Include="Animator.cpp">
      <Filter>Common\Component\Animator</Filter>
    </ClCompile>
    <ClCompile Include="RigidBody.cpp">
      <Filter>Common\Component\RigidBody</Filter>
    </ClCompile>
    <ClCompile Include="Light.cpp">
      <Filter>Common\Component\Light</Filter>
    </ClCompile>
    <ClCompile Include="StructedBuffer.cpp" />
    <ClCompile Include="ComputeShader.cpp">
      <Filter>Resource\Shader\ComputeShader</Filter>
    </ClCompile>
    <ClCompile Include="ParticleSystem.cpp">
      <Filter>Common\Component\Renderer\ParticleSystem</Filter>
    </ClCompile>
    <ClCompile Include="ParticleShader.cpp">
      <Filter>Resource\Shader\ComputeShader</Filter>
    </ClCompile>
    <ClCompile Include="SimpleMath.cpp">
      <Filter>Common\Math</Filter>
    </ClCompile>
    <ClCompile Include="PostProcess.cpp">
      <Filter>Common\GameObj\PostProcess</Filter>
    </ClCompile>
    <ClCompile Include="PostProcessRenderer.cpp">
      <Filter>Common\Component\Renderer\PostProcess</Filter>
    </ClCompile>
    <ClCompile Include="PostProcessWave.cpp">
      <Filter>Common\GameObj\PostProcess</Filter>
    </ClCompile>
    <ClCompile Include="FMod.cpp" />
    <ClCompile Include="AudioClip.cpp">
      <Filter>Common\Sound</Filter>
    </ClCompile>
    <ClCompile Include="AudioListener.cpp">
      <Filter>Common\Sound</Filter>
    </ClCompile>
    <ClCompile Include="AudioSource.cpp">
      <Filter>Common\Sound</Filter>
    </ClCompile>
    <ClCompile Include="StringFunctions.cpp">
      <Filter>Common\StringFunctions</Filter>
    </ClCompile>
    <ClCompile Include="FontWrapper.cpp">
      <Filter>Common\Font</Filter>
    </ClCompile>
    <ClCompile Include="PlayerScript.cpp">
      <Filter>Common\GameObj\Player</Filter>
    </ClCompile>
    <ClCompile Include="druEnums.cpp">
      <Filter>Common</Filter>
    </ClCompile>
    <ClCompile Include="InputMgr.cpp">
      <Filter>Input</Filter>
    </ClCompile>
    <ClCompile Include="PhysicalMovement.cpp">
      <Filter>Common\Component\Movement</Filter>
    </ClCompile>
    <ClCompile Include="PhysXCollider.cpp">
      <Filter>Common\Component\Collider\PhysX</Filter>
    </ClCompile>
    <ClCompile Include="PhysXRigidBody.cpp">
      <Filter>Common\Component\RigidBody\PhysX</Filter>
    </ClCompile>
    <ClCompile Include="PhysX.cpp">
      <Filter>PhysX</Filter>
    </ClCompile>
    <ClCompile Include="PhysicalProperties.cpp">
      <Filter>PhysX</Filter>
    </ClCompile>
    <ClCompile Include="PhysicsScene.cpp">
      <Filter>PhysX</Filter>
    </ClCompile>
    <ClCompile Include="PxDispathcer.cpp">
      <Filter>PhysX</Filter>
    </ClCompile>
    <ClCompile Include="PxEventCallback.cpp">
      <Filter>PhysX</Filter>
    </ClCompile>
    <ClCompile Include="PxFilter.cpp">
      <Filter>PhysX</Filter>
    </ClCompile>
    <ClCompile Include="PxInitialization.cpp">
      <Filter>PhysX</Filter>
    </ClCompile>
    <ClCompile Include="PhysicsMgr.cpp">
      <Filter>PhysX\Manager</Filter>
    </ClCompile>
    <ClCompile Include="Physical.cpp">
      <Filter>Common\Component\Physical</Filter>
    </ClCompile>
    <ClCompile Include="PhysXCollisionMgr.cpp">
      <Filter>Common\Component\Collider\Manager\PhysX</Filter>
    </ClCompile>
    <ClCompile Include="TimerMgr.cpp">
      <Filter>Timer</Filter>
    </ClCompile>
    <ClCompile Include="PhysicalGameObj.cpp">
      <Filter>Common\GameObj\PhysicalGameObj</Filter>
    </ClCompile>
    <ClCompile Include="Sphere.cpp">
      <Filter>Common\GameObj\PhysicalGameObj\Sphere</Filter>
    </ClCompile>
    <ClCompile Include="Box.cpp">
      <Filter>Common\GameObj\PhysicalGameObj\Box</Filter>
    </ClCompile>
    <ClCompile Include="FileMgr.cpp">
      <Filter>File</Filter>
    </ClCompile>
    <ClCompile Include="ServerMgr.cpp">
      <Filter>Server\Manager</Filter>
    </ClCompile>
    <ClCompile Include="GameNet.cpp">
      <Filter>Server</Filter>
    </ClCompile>
    <ClCompile Include="GameNetServer.cpp">
      <Filter>Server\Server</Filter>
    </ClCompile>
    <ClCompile Include="GameNetClient.cpp">
      <Filter>Server\Client</Filter>
    </ClCompile>
    <ClCompile Include="GameNetDispatcher.cpp">
      <Filter>Server</Filter>
    </ClCompile>
    <ClCompile Include="GameNetPacket.cpp">
      <Filter>Server</Filter>
    </ClCompile>
    <ClCompile Include="GameNetSerializer.cpp">
      <Filter>Server</Filter>
    </ClCompile>
    <ClCompile Include="GameNetThread.cpp">
      <Filter>Server</Filter>
    </ClCompile>
    <ClCompile Include="GameNetObject.cpp">
      <Filter>Server</Filter>
    </ClCompile>
    <ClCompile Include="PacketSendScript.cpp">
      <Filter>Common\Component\Script\Server</Filter>
    </ClCompile>
    <ClCompile Include="ApplyPacketScript.cpp">
      <Filter>Common\Component\Script\Server</Filter>
    </ClCompile>
    <ClCompile Include="MultiRenderTarget.cpp">
      <Filter>Graphics</Filter>
    </ClCompile>
    <ClCompile Include="Model.cpp">
      <Filter>Resource\Model</Filter>
    </ClCompile>
    <ClCompile Include="Bone.cpp">
      <Filter>Resource\Model\Bone</Filter>
    </ClCompile>
    <ClCompile Include="ModelNode.cpp">
      <Filter>Resource\Model\ModelNode</Filter>
    </ClCompile>
    <ClCompile Include="BoneAnimator.cpp">
      <Filter>Common\Component\Animator3D</Filter>
    </ClCompile>
    <ClCompile Include="SkySphereRenderer.cpp">
      <Filter>Common\Component\Renderer\Skybox</Filter>
    </ClCompile>
    <ClCompile Include="SkySphere.cpp">
      <Filter>Common\Component\Renderer\Skybox</Filter>
    </ClCompile>
    <ClCompile Include="CubeMap.cpp">
      <Filter>Common\Component\Renderer\Skybox</Filter>
    </ClCompile>
    <ClCompile Include="ScenePlay.cpp">
      <Filter>Common\Scene</Filter>
    </ClCompile>
    <ClCompile Include="MarioHead.cpp" />
    <ClCompile Include="MarioParts.cpp" />
    <ClCompile Include="DynamicObject.cpp">
      <Filter>Common\GameObj\DynamicObject</Filter>
    </ClCompile>
    <ClCompile Include="Monster.cpp">
      <Filter>Common\GameObj\DynamicObject\Monster</Filter>
    </ClCompile>
    <ClCompile Include="Goomba.cpp">
      <Filter>Common\GameObj\DynamicObject\Monster\Goomba</Filter>
    </ClCompile>
    <ClCompile Include="Packun.cpp">
      <Filter>Common\GameObj\DynamicObject\Monster\Packun</Filter>
    </ClCompile>
    <ClCompile Include="PackunStateScript.cpp">
      <Filter>Common\GameObj\DynamicObject\Monster\Packun</Filter>
    </ClCompile>
    <ClCompile Include="GoombaStateScript.cpp">
      <Filter>Common\GameObj\DynamicObject\Monster\Goomba</Filter>
    </ClCompile>
    <ClCompile Include="MonsterStateScript.cpp">
      <Filter>Common\Component\Camera\Script\MonsterState</Filter>
    </ClCompile>
    <ClCompile Include="MonsterAiScript.cpp">
      <Filter>Common\Component\Camera\Script\MonsterAI</Filter>
    </ClCompile>
    <ClCompile Include="AiScript.cpp">
      <Filter>Common\Component\Camera\Script</Filter>
    </ClCompile>
    <ClCompile Include="CaptureObj.cpp">
      <Filter>Common\GameObj\Capture</Filter>
    </ClCompile>
    <ClCompile Include="PhysXRayCast.cpp">
      <Filter>RayCast</Filter>
    </ClCompile>
    <ClCompile Include="PackunPostionBall.cpp" />
    <ClCompile Include="ProjectileObj.cpp" />
    <ClCompile Include="AnimationClip.cpp">
      <Filter>Common\Component\Animator3D</Filter>
    </ClCompile>
    <ClCompile Include="UIManager.cpp">
      <Filter>Common\GameObj\UI</Filter>
    </ClCompile>
    <ClCompile Include="UIFactory.cpp">
      <Filter>Common\GameObj\UI</Filter>
    </ClCompile>
    <ClCompile Include="UIBase.cpp">
      <Filter>Common\GameObj\UI</Filter>
    </ClCompile>
    <ClCompile Include="Panal.cpp">
      <Filter>Common\GameObj\UI</Filter>
    </ClCompile>
    <ClCompile Include="ImageUI.cpp">
      <Filter>Common\GameObj\UI</Filter>
    </ClCompile>
    <ClCompile Include="HUD.cpp">
      <Filter>Common\GameObj\UI</Filter>
    </ClCompile>
    <ClCompile Include="CapUI.cpp">
      <Filter>Common\GameObj\UI</Filter>
    </ClCompile>
    <ClCompile Include="CapEyeUI.cpp">
      <Filter>Common\GameObj\UI</Filter>
    </ClCompile>
    <ClCompile Include="Button.cpp">
      <Filter>Common\GameObj\UI</Filter>
    <ClCompile Include="ChracterController.cpp">
      <Filter>Common\Component\CharacterController</Filter>
    </ClCompile>
  </ItemGroup>
  <ItemGroup>
    <None Include="druMath.ini">
      <Filter>Common\Math</Filter>
    </None>
  </ItemGroup>
</Project>